// !$*UTF8*$!
{
	archiveVersion = 1;
	classes = {
	};
	objectVersion = 77;
	objects = {

/* Begin PBXContainerItemProxy section */
		DA0C1EF82E4669BA001588DC /* PBXContainerItemProxy */ = {
			isa = PBXContainerItemProxy;
			containerPortal = DA0C1EE22E4669B9001588DC /* Project object */;
			proxyType = 1;
			remoteGlobalIDString = DA0C1EE92E4669B9001588DC;
			remoteInfo = "SwiftUI GithubUserPage";
		};
		DA0C1F022E4669BA001588DC /* PBXContainerItemProxy */ = {
			isa = PBXContainerItemProxy;
			containerPortal = DA0C1EE22E4669B9001588DC /* Project object */;
			proxyType = 1;
			remoteGlobalIDString = DA0C1EE92E4669B9001588DC;
			remoteInfo = "SwiftUI GithubUserPage";
		};
/* End PBXContainerItemProxy section */

/* Begin PBXFileReference section */
		DA0C1EEA2E4669B9001588DC /* SwiftUI GithubUserPage.app */ = {isa = PBXFileReference; explicitFileType = wrapper.application; includeInIndex = 0; path = "SwiftUI GithubUserPage.app"; sourceTree = BUILT_PRODUCTS_DIR; };
		DA0C1EF72E4669BA001588DC /* SwiftUI GithubUserPageTests.xctest */ = {isa = PBXFileReference; explicitFileType = wrapper.cfbundle; includeInIndex = 0; path = "SwiftUI GithubUserPageTests.xctest"; sourceTree = BUILT_PRODUCTS_DIR; };
		DA0C1F012E4669BA001588DC /* SwiftUI GithubUserPageUITests.xctest */ = {isa = PBXFileReference; explicitFileType = wrapper.cfbundle; includeInIndex = 0; path = "SwiftUI GithubUserPageUITests.xctest"; sourceTree = BUILT_PRODUCTS_DIR; };
/* End PBXFileReference section */

/* Begin PBXFileSystemSynchronizedRootGroup section */
		DA0C1EEC2E4669B9001588DC /* SwiftUI GithubUserPage */ = {
			isa = PBXFileSystemSynchronizedRootGroup;
			path = "SwiftUI GithubUserPage";
			sourceTree = "<group>";
		};
		DA0C1EFA2E4669BA001588DC /* SwiftUI GithubUserPageTests */ = {
			isa = PBXFileSystemSynchronizedRootGroup;
			path = "SwiftUI GithubUserPageTests";
			sourceTree = "<group>";
		};
		DA0C1F042E4669BA001588DC /* SwiftUI GithubUserPageUITests */ = {
			isa = PBXFileSystemSynchronizedRootGroup;
			path = "SwiftUI GithubUserPageUITests";
			sourceTree = "<group>";
		};
/* End PBXFileSystemSynchronizedRootGroup section */

/* Begin PBXFrameworksBuildPhase section */
		DA0C1EE72E4669B9001588DC /* Frameworks */ = {
			isa = PBXFrameworksBuildPhase;
			buildActionMask = 2147483647;
			files = (
			);
			runOnlyForDeploymentPostprocessing = 0;
		};
		DA0C1EF42E4669BA001588DC /* Frameworks */ = {
			isa = PBXFrameworksBuildPhase;
			buildActionMask = 2147483647;
			files = (
			);
			runOnlyForDeploymentPostprocessing = 0;
		};
		DA0C1EFE2E4669BA001588DC /* Frameworks */ = {
			isa = PBXFrameworksBuildPhase;
			buildActionMask = 2147483647;
			files = (
			);
			runOnlyForDeploymentPostprocessing = 0;
		};
/* End PBXFrameworksBuildPhase section */

/* Begin PBXGroup section */
		DA0C1EE12E4669B9001588DC = {
			isa = PBXGroup;
			children = (
				DA0C1EEC2E4669B9001588DC /* SwiftUI GithubUserPage */,
				DA0C1EFA2E4669BA001588DC /* SwiftUI GithubUserPageTests */,
				DA0C1F042E4669BA001588DC /* SwiftUI GithubUserPageUITests */,
				DA0C1EEB2E4669B9001588DC /* Products */,
			);
			sourceTree = "<group>";
		};
		DA0C1EEB2E4669B9001588DC /* Products */ = {
			isa = PBXGroup;
			children = (
				DA0C1EEA2E4669B9001588DC /* SwiftUI GithubUserPage.app */,
				DA0C1EF72E4669BA001588DC /* SwiftUI GithubUserPageTests.xctest */,
				DA0C1F012E4669BA001588DC /* SwiftUI GithubUserPageUITests.xctest */,
			);
			name = Products;
			sourceTree = "<group>";
		};
/* End PBXGroup section */

/* Begin PBXNativeTarget section */
		DA0C1EE92E4669B9001588DC /* SwiftUI GithubUserPage */ = {
			isa = PBXNativeTarget;
			buildConfigurationList = DA0C1F0B2E4669BA001588DC /* Build configuration list for PBXNativeTarget "SwiftUI GithubUserPage" */;
			buildPhases = (
				DA0C1EE62E4669B9001588DC /* Sources */,
				DA0C1EE72E4669B9001588DC /* Frameworks */,
				DA0C1EE82E4669B9001588DC /* Resources */,
			);
			buildRules = (
			);
			dependencies = (
			);
			fileSystemSynchronizedGroups = (
				DA0C1EEC2E4669B9001588DC /* SwiftUI GithubUserPage */,
			);
			name = "SwiftUI GithubUserPage";
			packageProductDependencies = (
			);
			productName = "SwiftUI GithubUserPage";
			productReference = DA0C1EEA2E4669B9001588DC /* SwiftUI GithubUserPage.app */;
			productType = "com.apple.product-type.application";
		};
		DA0C1EF62E4669BA001588DC /* SwiftUI GithubUserPageTests */ = {
			isa = PBXNativeTarget;
			buildConfigurationList = DA0C1F0E2E4669BA001588DC /* Build configuration list for PBXNativeTarget "SwiftUI GithubUserPageTests" */;
			buildPhases = (
				DA0C1EF32E4669BA001588DC /* Sources */,
				DA0C1EF42E4669BA001588DC /* Frameworks */,
				DA0C1EF52E4669BA001588DC /* Resources */,
			);
			buildRules = (
			);
			dependencies = (
				DA0C1EF92E4669BA001588DC /* PBXTargetDependency */,
			);
			fileSystemSynchronizedGroups = (
				DA0C1EFA2E4669BA001588DC /* SwiftUI GithubUserPageTests */,
			);
			name = "SwiftUI GithubUserPageTests";
			packageProductDependencies = (
			);
			productName = "SwiftUI GithubUserPageTests";
			productReference = DA0C1EF72E4669BA001588DC /* SwiftUI GithubUserPageTests.xctest */;
			productType = "com.apple.product-type.bundle.unit-test";
		};
		DA0C1F002E4669BA001588DC /* SwiftUI GithubUserPageUITests */ = {
			isa = PBXNativeTarget;
			buildConfigurationList = DA0C1F112E4669BA001588DC /* Build configuration list for PBXNativeTarget "SwiftUI GithubUserPageUITests" */;
			buildPhases = (
				DA0C1EFD2E4669BA001588DC /* Sources */,
				DA0C1EFE2E4669BA001588DC /* Frameworks */,
				DA0C1EFF2E4669BA001588DC /* Resources */,
			);
			buildRules = (
			);
			dependencies = (
				DA0C1F032E4669BA001588DC /* PBXTargetDependency */,
			);
			fileSystemSynchronizedGroups = (
				DA0C1F042E4669BA001588DC /* SwiftUI GithubUserPageUITests */,
			);
			name = "SwiftUI GithubUserPageUITests";
			packageProductDependencies = (
			);
			productName = "SwiftUI GithubUserPageUITests";
			productReference = DA0C1F012E4669BA001588DC /* SwiftUI GithubUserPageUITests.xctest */;
			productType = "com.apple.product-type.bundle.ui-testing";
		};
/* End PBXNativeTarget section */

/* Begin PBXProject section */
		DA0C1EE22E4669B9001588DC /* Project object */ = {
			isa = PBXProject;
			attributes = {
				BuildIndependentTargetsInParallel = 1;
				LastSwiftUpdateCheck = 1640;
				LastUpgradeCheck = 1640;
				TargetAttributes = {
					DA0C1EE92E4669B9001588DC = {
						CreatedOnToolsVersion = 16.4;
					};
					DA0C1EF62E4669BA001588DC = {
						CreatedOnToolsVersion = 16.4;
						TestTargetID = DA0C1EE92E4669B9001588DC;
					};
					DA0C1F002E4669BA001588DC = {
						CreatedOnToolsVersion = 16.4;
						TestTargetID = DA0C1EE92E4669B9001588DC;
					};
				};
			};
			buildConfigurationList = DA0C1EE52E4669B9001588DC /* Build configuration list for PBXProject "SwiftUI GithubUserPage" */;
			developmentRegion = en;
			hasScannedForEncodings = 0;
			knownRegions = (
				en,
				Base,
			);
			mainGroup = DA0C1EE12E4669B9001588DC;
			minimizedProjectReferenceProxies = 1;
			preferredProjectObjectVersion = 77;
			productRefGroup = DA0C1EEB2E4669B9001588DC /* Products */;
			projectDirPath = "";
			projectRoot = "";
			targets = (
				DA0C1EE92E4669B9001588DC /* SwiftUI GithubUserPage */,
				DA0C1EF62E4669BA001588DC /* SwiftUI GithubUserPageTests */,
				DA0C1F002E4669BA001588DC /* SwiftUI GithubUserPageUITests */,
			);
		};
/* End PBXProject section */

/* Begin PBXResourcesBuildPhase section */
		DA0C1EE82E4669B9001588DC /* Resources */ = {
			isa = PBXResourcesBuildPhase;
			buildActionMask = 2147483647;
			files = (
			);
			runOnlyForDeploymentPostprocessing = 0;
		};
		DA0C1EF52E4669BA001588DC /* Resources */ = {
			isa = PBXResourcesBuildPhase;
			buildActionMask = 2147483647;
			files = (
			);
			runOnlyForDeploymentPostprocessing = 0;
		};
		DA0C1EFF2E4669BA001588DC /* Resources */ = {
			isa = PBXResourcesBuildPhase;
			buildActionMask = 2147483647;
			files = (
			);
			runOnlyForDeploymentPostprocessing = 0;
		};
/* End PBXResourcesBuildPhase section */

/* Begin PBXSourcesBuildPhase section */
		DA0C1EE62E4669B9001588DC /* Sources */ = {
			isa = PBXSourcesBuildPhase;
			buildActionMask = 2147483647;
			files = (
			);
			runOnlyForDeploymentPostprocessing = 0;
		};
		DA0C1EF32E4669BA001588DC /* Sources */ = {
			isa = PBXSourcesBuildPhase;
			buildActionMask = 2147483647;
			files = (
			);
			runOnlyForDeploymentPostprocessing = 0;
		};
		DA0C1EFD2E4669BA001588DC /* Sources */ = {
			isa = PBXSourcesBuildPhase;
			buildActionMask = 2147483647;
			files = (
			);
			runOnlyForDeploymentPostprocessing = 0;
		};
/* End PBXSourcesBuildPhase section */

/* Begin PBXTargetDependency section */
		DA0C1EF92E4669BA001588DC /* PBXTargetDependency */ = {
			isa = PBXTargetDependency;
			target = DA0C1EE92E4669B9001588DC /* SwiftUI GithubUserPage */;
			targetProxy = DA0C1EF82E4669BA001588DC /* PBXContainerItemProxy */;
		};
		DA0C1F032E4669BA001588DC /* PBXTargetDependency */ = {
			isa = PBXTargetDependency;
			target = DA0C1EE92E4669B9001588DC /* SwiftUI GithubUserPage */;
			targetProxy = DA0C1F022E4669BA001588DC /* PBXContainerItemProxy */;
		};
/* End PBXTargetDependency section */

/* Begin XCBuildConfiguration section */
		DA0C1F092E4669BA001588DC /* Debug */ = {
			isa = XCBuildConfiguration;
			buildSettings = {
				ALWAYS_SEARCH_USER_PATHS = NO;
				ASSETCATALOG_COMPILER_GENERATE_SWIFT_ASSET_SYMBOL_EXTENSIONS = YES;
				CLANG_ANALYZER_NONNULL = YES;
				CLANG_ANALYZER_NUMBER_OBJECT_CONVERSION = YES_AGGRESSIVE;
				CLANG_CXX_LANGUAGE_STANDARD = "gnu++20";
				CLANG_ENABLE_MODULES = YES;
				CLANG_ENABLE_OBJC_ARC = YES;
				CLANG_ENABLE_OBJC_WEAK = YES;
				CLANG_WARN_BLOCK_CAPTURE_AUTORELEASING = YES;
				CLANG_WARN_BOOL_CONVERSION = YES;
				CLANG_WARN_COMMA = YES;
				CLANG_WARN_CONSTANT_CONVERSION = YES;
				CLANG_WARN_DEPRECATED_OBJC_IMPLEMENTATIONS = YES;
				CLANG_WARN_DIRECT_OBJC_ISA_USAGE = YES_ERROR;
				CLANG_WARN_DOCUMENTATION_COMMENTS = YES;
				CLANG_WARN_EMPTY_BODY = YES;
				CLANG_WARN_ENUM_CONVERSION = YES;
				CLANG_WARN_INFINITE_RECURSION = YES;
				CLANG_WARN_INT_CONVERSION = YES;
				CLANG_WARN_NON_LITERAL_NULL_CONVERSION = YES;
				CLANG_WARN_OBJC_IMPLICIT_RETAIN_SELF = YES;
				CLANG_WARN_OBJC_LITERAL_CONVERSION = YES;
				CLANG_WARN_OBJC_ROOT_CLASS = YES_ERROR;
				CLANG_WARN_QUOTED_INCLUDE_IN_FRAMEWORK_HEADER = YES;
				CLANG_WARN_RANGE_LOOP_ANALYSIS = YES;
				CLANG_WARN_STRICT_PROTOTYPES = YES;
				CLANG_WARN_SUSPICIOUS_MOVE = YES;
				CLANG_WARN_UNGUARDED_AVAILABILITY = YES_AGGRESSIVE;
				CLANG_WARN_UNREACHABLE_CODE = YES;
				CLANG_WARN__DUPLICATE_METHOD_MATCH = YES;
				COPY_PHASE_STRIP = NO;
				DEBUG_INFORMATION_FORMAT = dwarf;
				ENABLE_STRICT_OBJC_MSGSEND = YES;
				ENABLE_TESTABILITY = YES;
				ENABLE_USER_SCRIPT_SANDBOXING = YES;
				GCC_C_LANGUAGE_STANDARD = gnu17;
				GCC_DYNAMIC_NO_PIC = NO;
				GCC_NO_COMMON_BLOCKS = YES;
				GCC_OPTIMIZATION_LEVEL = 0;
				GCC_PREPROCESSOR_DEFINITIONS = (
					"DEBUG=1",
					"$(inherited)",
				);
				GCC_WARN_64_TO_32_BIT_CONVERSION = YES;
				GCC_WARN_ABOUT_RETURN_TYPE = YES_ERROR;
				GCC_WARN_UNDECLARED_SELECTOR = YES;
				GCC_WARN_UNINITIALIZED_AUTOS = YES_AGGRESSIVE;
				GCC_WARN_UNUSED_FUNCTION = YES;
				GCC_WARN_UNUSED_VARIABLE = YES;
				IPHONEOS_DEPLOYMENT_TARGET = 18.5;
				LOCALIZATION_PREFERS_STRING_CATALOGS = YES;
				MTL_ENABLE_DEBUG_INFO = INCLUDE_SOURCE;
				MTL_FAST_MATH = YES;
				ONLY_ACTIVE_ARCH = YES;
				SDKROOT = iphoneos;
				SWIFT_ACTIVE_COMPILATION_CONDITIONS = "DEBUG $(inherited)";
				SWIFT_OPTIMIZATION_LEVEL = "-Onone";
			};
			name = Debug;
		};
		DA0C1F0A2E4669BA001588DC /* Release */ = {
			isa = XCBuildConfiguration;
			buildSettings = {
				ALWAYS_SEARCH_USER_PATHS = NO;
				ASSETCATALOG_COMPILER_GENERATE_SWIFT_ASSET_SYMBOL_EXTENSIONS = YES;
				CLANG_ANALYZER_NONNULL = YES;
				CLANG_ANALYZER_NUMBER_OBJECT_CONVERSION = YES_AGGRESSIVE;
				CLANG_CXX_LANGUAGE_STANDARD = "gnu++20";
				CLANG_ENABLE_MODULES = YES;
				CLANG_ENABLE_OBJC_ARC = YES;
				CLANG_ENABLE_OBJC_WEAK = YES;
				CLANG_WARN_BLOCK_CAPTURE_AUTORELEASING = YES;
				CLANG_WARN_BOOL_CONVERSION = YES;
				CLANG_WARN_COMMA = YES;
				CLANG_WARN_CONSTANT_CONVERSION = YES;
				CLANG_WARN_DEPRECATED_OBJC_IMPLEMENTATIONS = YES;
				CLANG_WARN_DIRECT_OBJC_ISA_USAGE = YES_ERROR;
				CLANG_WARN_DOCUMENTATION_COMMENTS = YES;
				CLANG_WARN_EMPTY_BODY = YES;
				CLANG_WARN_ENUM_CONVERSION = YES;
				CLANG_WARN_INFINITE_RECURSION = YES;
				CLANG_WARN_INT_CONVERSION = YES;
				CLANG_WARN_NON_LITERAL_NULL_CONVERSION = YES;
				CLANG_WARN_OBJC_IMPLICIT_RETAIN_SELF = YES;
				CLANG_WARN_OBJC_LITERAL_CONVERSION = YES;
				CLANG_WARN_OBJC_ROOT_CLASS = YES_ERROR;
				CLANG_WARN_QUOTED_INCLUDE_IN_FRAMEWORK_HEADER = YES;
				CLANG_WARN_RANGE_LOOP_ANALYSIS = YES;
				CLANG_WARN_STRICT_PROTOTYPES = YES;
				CLANG_WARN_SUSPICIOUS_MOVE = YES;
				CLANG_WARN_UNGUARDED_AVAILABILITY = YES_AGGRESSIVE;
				CLANG_WARN_UNREACHABLE_CODE = YES;
				CLANG_WARN__DUPLICATE_METHOD_MATCH = YES;
				COPY_PHASE_STRIP = NO;
				DEBUG_INFORMATION_FORMAT = "dwarf-with-dsym";
				ENABLE_NS_ASSERTIONS = NO;
				ENABLE_STRICT_OBJC_MSGSEND = YES;
				ENABLE_USER_SCRIPT_SANDBOXING = YES;
				GCC_C_LANGUAGE_STANDARD = gnu17;
				GCC_NO_COMMON_BLOCKS = YES;
				GCC_WARN_64_TO_32_BIT_CONVERSION = YES;
				GCC_WARN_ABOUT_RETURN_TYPE = YES_ERROR;
				GCC_WARN_UNDECLARED_SELECTOR = YES;
				GCC_WARN_UNINITIALIZED_AUTOS = YES_AGGRESSIVE;
				GCC_WARN_UNUSED_FUNCTION = YES;
				GCC_WARN_UNUSED_VARIABLE = YES;
				IPHONEOS_DEPLOYMENT_TARGET = 18.5;
				LOCALIZATION_PREFERS_STRING_CATALOGS = YES;
				MTL_ENABLE_DEBUG_INFO = NO;
				MTL_FAST_MATH = YES;
				SDKROOT = iphoneos;
				SWIFT_COMPILATION_MODE = wholemodule;
				VALIDATE_PRODUCT = YES;
			};
			name = Release;
		};
		DA0C1F0C2E4669BA001588DC /* Debug */ = {
			isa = XCBuildConfiguration;
			buildSettings = {
				ASSETCATALOG_COMPILER_APPICON_NAME = AppIcon;
				ASSETCATALOG_COMPILER_GLOBAL_ACCENT_COLOR_NAME = AccentColor;
				CODE_SIGN_STYLE = Automatic;
				CURRENT_PROJECT_VERSION = 1;
				ENABLE_PREVIEWS = YES;
				GENERATE_INFOPLIST_FILE = YES;
				INFOPLIST_KEY_UIApplicationSceneManifest_Generation = YES;
				INFOPLIST_KEY_UIApplicationSupportsIndirectInputEvents = YES;
				INFOPLIST_KEY_UILaunchScreen_Generation = YES;
				INFOPLIST_KEY_UISupportedInterfaceOrientations_iPad = "UIInterfaceOrientationPortrait UIInterfaceOrientationPortraitUpsideDown UIInterfaceOrientationLandscapeLeft UIInterfaceOrientationLandscapeRight";
				INFOPLIST_KEY_UISupportedInterfaceOrientations_iPhone = "UIInterfaceOrientationPortrait UIInterfaceOrientationLandscapeLeft UIInterfaceOrientationLandscapeRight";
				LD_RUNPATH_SEARCH_PATHS = (
					"$(inherited)",
					"@executable_path/Frameworks",
				);
				MARKETING_VERSION = 1.0;
				PRODUCT_BUNDLE_IDENTIFIER = "com.SwiftUI-GithubUserPage";
				PRODUCT_NAME = "$(TARGET_NAME)";
				SWIFT_EMIT_LOC_STRINGS = YES;
				SWIFT_VERSION = 5.0;
				TARGETED_DEVICE_FAMILY = "1,2";
			};
			name = Debug;
		};
		DA0C1F0D2E4669BA001588DC /* Release */ = {
			isa = XCBuildConfiguration;
			buildSettings = {
				ASSETCATALOG_COMPILER_APPICON_NAME = AppIcon;
				ASSETCATALOG_COMPILER_GLOBAL_ACCENT_COLOR_NAME = AccentColor;
				CODE_SIGN_STYLE = Automatic;
				CURRENT_PROJECT_VERSION = 1;
				ENABLE_PREVIEWS = YES;
				GENERATE_INFOPLIST_FILE = YES;
				INFOPLIST_KEY_UIApplicationSceneManifest_Generation = YES;
				INFOPLIST_KEY_UIApplicationSupportsIndirectInputEvents = YES;
				INFOPLIST_KEY_UILaunchScreen_Generation = YES;
				INFOPLIST_KEY_UISupportedInterfaceOrientations_iPad = "UIInterfaceOrientationPortrait UIInterfaceOrientationPortraitUpsideDown UIInterfaceOrientationLandscapeLeft UIInterfaceOrientationLandscapeRight";
				INFOPLIST_KEY_UISupportedInterfaceOrientations_iPhone = "UIInterfaceOrientationPortrait UIInterfaceOrientationLandscapeLeft UIInterfaceOrientationLandscapeRight";
				LD_RUNPATH_SEARCH_PATHS = (
					"$(inherited)",
					"@executable_path/Frameworks",
				);
				MARKETING_VERSION = 1.0;
				PRODUCT_BUNDLE_IDENTIFIER = "com.SwiftUI-GithubUserPage";
				PRODUCT_NAME = "$(TARGET_NAME)";
				SWIFT_EMIT_LOC_STRINGS = YES;
				SWIFT_VERSION = 5.0;
				TARGETED_DEVICE_FAMILY = "1,2";
			};
			name = Release;
		};
		DA0C1F0F2E4669BA001588DC /* Debug */ = {
			isa = XCBuildConfiguration;
			buildSettings = {
				BUNDLE_LOADER = "$(TEST_HOST)";
				CODE_SIGN_STYLE = Automatic;
				CURRENT_PROJECT_VERSION = 1;
				GENERATE_INFOPLIST_FILE = YES;
				IPHONEOS_DEPLOYMENT_TARGET = 18.5;
				MARKETING_VERSION = 1.0;
				PRODUCT_BUNDLE_IDENTIFIER = "com.SwiftUI-GithubUserPageTests";
				PRODUCT_NAME = "$(TARGET_NAME)";
				SWIFT_EMIT_LOC_STRINGS = NO;
				SWIFT_VERSION = 5.0;
				TARGETED_DEVICE_FAMILY = "1,2";
				TEST_HOST = "$(BUILT_PRODUCTS_DIR)/SwiftUI GithubUserPage.app/$(BUNDLE_EXECUTABLE_FOLDER_PATH)/SwiftUI GithubUserPage";
			};
			name = Debug;
		};
		DA0C1F102E4669BA001588DC /* Release */ = {
			isa = XCBuildConfiguration;
			buildSettings = {
				BUNDLE_LOADER = "$(TEST_HOST)";
				CODE_SIGN_STYLE = Automatic;
				CURRENT_PROJECT_VERSION = 1;
				GENERATE_INFOPLIST_FILE = YES;
				IPHONEOS_DEPLOYMENT_TARGET = 18.5;
				MARKETING_VERSION = 1.0;
				PRODUCT_BUNDLE_IDENTIFIER = "com.SwiftUI-GithubUserPageTests";
				PRODUCT_NAME = "$(TARGET_NAME)";
				SWIFT_EMIT_LOC_STRINGS = NO;
				SWIFT_VERSION = 5.0;
				TARGETED_DEVICE_FAMILY = "1,2";
				TEST_HOST = "$(BUILT_PRODUCTS_DIR)/SwiftUI GithubUserPage.app/$(BUNDLE_EXECUTABLE_FOLDER_PATH)/SwiftUI GithubUserPage";
			};
			name = Release;
		};
		DA0C1F122E4669BA001588DC /* Debug */ = {
			isa = XCBuildConfiguration;
			buildSettings = {
				CODE_SIGN_STYLE = Automatic;
				CURRENT_PROJECT_VERSION = 1;
				GENERATE_INFOPLIST_FILE = YES;
				MARKETING_VERSION = 1.0;
				PRODUCT_BUNDLE_IDENTIFIER = "com.SwiftUI-GithubUserPageUITests";
				PRODUCT_NAME = "$(TARGET_NAME)";
				SWIFT_EMIT_LOC_STRINGS = NO;
				SWIFT_VERSION = 5.0;
				TARGETED_DEVICE_FAMILY = "1,2";
				TEST_TARGET_NAME = "SwiftUI GithubUserPage";
			};
			name = Debug;
		};
		DA0C1F132E4669BA001588DC /* Release */ = {
			isa = XCBuildConfiguration;
			buildSettings = {
				CODE_SIGN_STYLE = Automatic;
				CURRENT_PROJECT_VERSION = 1;
				GENERATE_INFOPLIST_FILE = YES;
				MARKETING_VERSION = 1.0;
				PRODUCT_BUNDLE_IDENTIFIER = "com.SwiftUI-GithubUserPageUITests";
				PRODUCT_NAME = "$(TARGET_NAME)";
				SWIFT_EMIT_LOC_STRINGS = NO;
				SWIFT_VERSION = 5.0;
				TARGETED_DEVICE_FAMILY = "1,2";
				TEST_TARGET_NAME = "SwiftUI GithubUserPage";
			};
			name = Release;
		};
/* End XCBuildConfiguration section */

/* Begin XCConfigurationList section */
		DA0C1EE52E4669B9001588DC /* Build configuration list for PBXProject "SwiftUI GithubUserPage" */ = {
			isa = XCConfigurationList;
			buildConfigurations = (
				DA0C1F092E4669BA001588DC /* Debug */,
				DA0C1F0A2E4669BA001588DC /* Release */,
			);
			defaultConfigurationIsVisible = 0;
			defaultConfigurationName = Release;
		};
		DA0C1F0B2E4669BA001588DC /* Build configuration list for PBXNativeTarget "SwiftUI GithubUserPage" */ = {
			isa = XCConfigurationList;
			buildConfigurations = (
				DA0C1F0C2E4669BA001588DC /* Debug */,
				DA0C1F0D2E4669BA001588DC /* Release */,
			);
			defaultConfigurationIsVisible = 0;
			defaultConfigurationName = Release;
		};
		DA0C1F0E2E4669BA001588DC /* Build configuration list for PBXNativeTarget "SwiftUI GithubUserPageTests" */ = {
			isa = XCConfigurationList;
			buildConfigurations = (
				DA0C1F0F2E4669BA001588DC /* Debug */,
				DA0C1F102E4669BA001588DC /* Release */,
			);
			defaultConfigurationIsVisible = 0;
			defaultConfigurationName = Release;
		};
		DA0C1F112E4669BA001588DC /* Build configuration list for PBXNativeTarget "SwiftUI GithubUserPageUITests" */ = {
			isa = XCConfigurationList;
			buildConfigurations = (
				DA0C1F122E4669BA001588DC /* Debug */,
				DA0C1F132E4669BA001588DC /* Release */,
			);
			defaultConfigurationIsVisible = 0;
			defaultConfigurationName = Release;
		};
/* End XCConfigurationList section */
	};
	rootObject = DA0C1EE22E4669B9001588DC /* Project object */;
}
